
Microsoft Visual Studio Solution File, Format Version 12.00
# Visual Studio 15
VisualStudioVersion = 15.0.27729.1
MinimumVisualStudioVersion = 10.0.40219.1
Project("{9A19103F-16F7-4668-BE54-9A1E7A4F7556}") = "Simple.LocalDb", "Simple.LocalDb\Simple.LocalDb.csproj", "{109E1B64-4A75-4398-B4A1-FEF598F84895}"
EndProject
Global
	GlobalSection(SolutionConfigurationPlatforms) = preSolution
		Debug|Any CPU = Debug|Any CPU
		Release|Any CPU = Release|Any CPU
	EndGlobalSection
	GlobalSection(ProjectConfigurationPlatforms) = postSolution
		{109E1B64-4A75-4398-B4A1-FEF598F84895}.Debug|Any CPU.ActiveCfg = Debug|Any CPU
		{109E1B64-4A75-4398-B4A1-FEF598F84895}.Debug|Any CPU.Build.0 = Debug|Any CPU
		{109E1B64-4A75-4398-B4A1-FEF598F84895}.Release|Any CPU.ActiveCfg = Release|Any CPU
		{109E1B64-4A75-4398-B4A1-FEF598F84895}.Release|Any CPU.Build.0 = Release|Any CPU
	EndGlobalSection
	GlobalSection(SolutionProperties) = preSolution
		HideSolutionNode = FALSE
	EndGlobalSection
	GlobalSection(ExtensibilityGlobals) = postSolution
		SolutionGuid = {40BDA7D4-096F-46C5-BD85-C7C36788C841}
	EndGlobalSection
EndGlobal
